
Microsoft Visual Studio Solution File, Format Version 12.00
# Visual Studio Version 17
VisualStudioVersion = 17.2.32616.157
MinimumVisualStudioVersion = 10.0.40219.1
Project("{FAE04EC0-301F-11D3-BF4B-00C04F79EFBC}") = "InventoryApp DCIT 318", "InventoryApp DCIT 318\InventoryApp DCIT 318.csproj", "{E6C0213E-27A3-4D43-A3E0-BAB6E9CEACC4}"
EndProject
Global
	GlobalSection(SolutionConfigurationPlatforms) = preSolution
		Debug|Any CPU = Debug|Any CPU
		Release|Any CPU = Release|Any CPU
	EndGlobalSection
	GlobalSection(ProjectConfigurationPlatforms) = postSolution
		{E6C0213E-27A3-4D43-A3E0-BAB6E9CEACC4}.Debug|Any CPU.ActiveCfg = Debug|Any CPU
		{E6C0213E-27A3-4D43-A3E0-BAB6E9CEACC4}.Debug|Any CPU.Build.0 = Debug|Any CPU
		{E6C0213E-27A3-4D43-A3E0-BAB6E9CEACC4}.Release|Any CPU.ActiveCfg = Release|Any CPU
		{E6C0213E-27A3-4D43-A3E0-BAB6E9CEACC4}.Release|Any CPU.Build.0 = Release|Any CPU
	EndGlobalSection
	GlobalSection(SolutionProperties) = preSolution
		HideSolutionNode = FALSE
	EndGlobalSection
	GlobalSection(ExtensibilityGlobals) = postSolution
		SolutionGuid = {524314E8-ADBF-4552-881C-A27216A2875D}
	EndGlobalSection
EndGlobal
